
Microsoft Visual Studio Solution File, Format Version 12.00
# Visual Studio Version 17
VisualStudioVersion = 17.8.34322.80
MinimumVisualStudioVersion = 10.0.40219.1
Project("{FAE04EC0-301F-11D3-BF4B-00C04F79EFBC}") = "market", "market\market.csproj", "{D3230BDC-C030-4736-B285-3C3053F7D7E5}"
EndProject
Global
	GlobalSection(SolutionConfigurationPlatforms) = preSolution
		Debug|Any CPU = Debug|Any CPU
		Release|Any CPU = Release|Any CPU
	EndGlobalSection
	GlobalSection(ProjectConfigurationPlatforms) = postSolution
		{D3230BDC-C030-4736-B285-3C3053F7D7E5}.Debug|Any CPU.ActiveCfg = Debug|Any CPU
		{D3230BDC-C030-4736-B285-3C3053F7D7E5}.Debug|Any CPU.Build.0 = Debug|Any CPU
		{D3230BDC-C030-4736-B285-3C3053F7D7E5}.Release|Any CPU.ActiveCfg = Release|Any CPU
		{D3230BDC-C030-4736-B285-3C3053F7D7E5}.Release|Any CPU.Build.0 = Release|Any CPU
	EndGlobalSection
	GlobalSection(SolutionProperties) = preSolution
		HideSolutionNode = FALSE
	EndGlobalSection
	GlobalSection(ExtensibilityGlobals) = postSolution
		SolutionGuid = {D87AA108-4766-4AA6-AEA3-2C7F5E519565}
	EndGlobalSection
EndGlobal
